<?xml version="1.0" encoding="utf-8"?>
<Project ToolsVersion="4.0" xmlns="http://schemas.microsoft.com/developer/msbuild/2003">
  <ItemGroup>
    <Filter Include="源文件">
      <UniqueIdentifier>{4FC737F1-C7A5-4376-A066-2A32D752A2FF}</UniqueIdentifier>
      <Extensions>cpp;c;cc;cxx;def;odl;idl;hpj;bat;asm;asmx</Extensions>
    </Filter>
    <Filter Include="头文件">
      <UniqueIdentifier>{93995380-89BD-4b04-88EB-625FBE52EBFB}</UniqueIdentifier>
      <Extensions>h;hh;hpp;hxx;hm;inl;inc;xsd</Extensions>
    </Filter>
    <Filter Include="资源文件">
      <UniqueIdentifier>{67DA6AB6-F800-4c08-8B7A-83BB121AAD01}</UniqueIdentifier>
      <Extensions>rc;ico;cur;bmp;dlg;rc2;rct;bin;rgs;gif;jpg;jpeg;jpe;resx;tiff;tif;png;wav;mfcribbon-ms</Extensions>
    </Filter>
  </ItemGroup>
  <ItemGroup>
    <ClInclude Include="..\..\River%27s_Y86-64\River%27s_Y86-64\choose_road.h">
      <Filter>头文件</Filter>
    </ClInclude>
    <ClInclude Include="..\..\River%27s_Y86-64\River%27s_Y86-64\five_stages.h">
      <Filter>头文件</Filter>
    </ClInclude>
    <ClInclude Include="..\..\River%27s_Y86-64\River%27s_Y86-64\initialize.h">
      <Filter>头文件</Filter>
    </ClInclude>
    <ClInclude Include="..\..\River%27s_Y86-64\River%27s_Y86-64\outline.h">
      <Filter>头文件</Filter>
    </ClInclude>
    <ClInclude Include="..\..\River%27s_Y86-64\River%27s_Y86-64\output_format.h">
      <Filter>头文件</Filter>
    </ClInclude>
    <ClInclude Include="..\..\River%27s_Y86-64\River%27s_Y86-64\pipe_register.h">
      <Filter>头文件</Filter>
    </ClInclude>
    <ClInclude Include="..\..\River%27s_Y86-64\River%27s_Y86-64\read.h">
      <Filter>头文件</Filter>
    </ClInclude>
    <ClInclude Include="..\..\River%27s_Y86-64\River%27s_Y86-64\twelve_instr.h">
      <Filter>头文件</Filter>
    </ClInclude>
    <ClInclude Include="..\..\River%27s_Y86-64\River%27s_Y86-64\write.h">
      <Filter>头文件</Filter>
    </ClInclude>
    <ClInclude Include="..\..\..\..\River%27s_Y86-64_with_GUI\Y86-64_VS\River%27s_Y86-64\River%27s_Y86-64\memory_operation.h">
      <Filter>头文件</Filter>
    </ClInclude>
  </ItemGroup>
  <ItemGroup>
    <ClCompile Include="..\..\River%27s_Y86-64\River%27s_Y86-64\choose_road.cpp">
      <Filter>源文件</Filter>
    </ClCompile>
    <ClCompile Include="..\..\River%27s_Y86-64\River%27s_Y86-64\five_stages.cpp">
      <Filter>源文件</Filter>
    </ClCompile>
    <ClCompile Include="..\..\River%27s_Y86-64\River%27s_Y86-64\initialize.cpp">
      <Filter>源文件</Filter>
    </ClCompile>
    <ClCompile Include="..\..\River%27s_Y86-64\River%27s_Y86-64\main.cpp">
      <Filter>源文件</Filter>
    </ClCompile>
    <ClCompile Include="..\..\River%27s_Y86-64\River%27s_Y86-64\outline.cpp">
      <Filter>源文件</Filter>
    </ClCompile>
    <ClCompile Include="..\..\River%27s_Y86-64\River%27s_Y86-64\output_format.cpp">
      <Filter>源文件</Filter>
    </ClCompile>
    <ClCompile Include="..\..\River%27s_Y86-64\River%27s_Y86-64\pipe_register.cpp">
      <Filter>源文件</Filter>
    </ClCompile>
    <ClCompile Include="..\..\River%27s_Y86-64\River%27s_Y86-64\read.cpp">
      <Filter>源文件</Filter>
    </ClCompile>
    <ClCompile Include="..\..\River%27s_Y86-64\River%27s_Y86-64\twelve_instr.cpp">
      <Filter>源文件</Filter>
    </ClCompile>
    <ClCompile Include="..\..\River%27s_Y86-64\River%27s_Y86-64\write.cpp">
      <Filter>源文件</Filter>
    </ClCompile>
    <ClCompile Include="..\..\..\..\River%27s_Y86-64_with_GUI\Y86-64_VS\River%27s_Y86-64\River%27s_Y86-64\memory_operation.cpp">
      <Filter>源文件</Filter>
    </ClCompile>
  </ItemGroup>
</Project>